Microsoft Visual Studio Solution File, Format Version 11.00
# Visual Studio 2008

Project("{832E2E7E-DD69-E3A0-7EF5-AB6ED4C24E21}") = "GlobalGameJamGame", "Assembly-CSharp.csproj", "{F6443E25-5872-DEBD-48C9-2F292D5DBEF1}"
EndProject
Project("{832E2E7E-DD69-E3A0-7EF5-AB6ED4C24E21}") = "GlobalGameJamGame", "Assembly-CSharp-Editor.csproj", "{0CBAA662-D3A0-B0CB-ECEA-960CEEC97027}"
EndProject
Global
	GlobalSection(SolutionConfigurationPlatforms) = preSolution
		Debug|Any CPU = Debug|Any CPU
		Release|Any CPU = Release|Any CPU
	EndGlobalSection
	GlobalSection(ProjectConfigurationPlatforms) = postSolution
		{F6443E25-5872-DEBD-48C9-2F292D5DBEF1}.Debug|Any CPU.ActiveCfg = Debug|Any CPU
		{F6443E25-5872-DEBD-48C9-2F292D5DBEF1}.Debug|Any CPU.Build.0 = Debug|Any CPU
		{F6443E25-5872-DEBD-48C9-2F292D5DBEF1}.Release|Any CPU.ActiveCfg = Release|Any CPU
		{F6443E25-5872-DEBD-48C9-2F292D5DBEF1}.Release|Any CPU.Build.0 = Release|Any CPU
		{0CBAA662-D3A0-B0CB-ECEA-960CEEC97027}.Debug|Any CPU.ActiveCfg = Debug|Any CPU
		{0CBAA662-D3A0-B0CB-ECEA-960CEEC97027}.Debug|Any CPU.Build.0 = Debug|Any CPU
		{0CBAA662-D3A0-B0CB-ECEA-960CEEC97027}.Release|Any CPU.ActiveCfg = Release|Any CPU
		{0CBAA662-D3A0-B0CB-ECEA-960CEEC97027}.Release|Any CPU.Build.0 = Release|Any CPU
	EndGlobalSection
	GlobalSection(SolutionProperties) = preSolution
		HideSolutionNode = FALSE
	EndGlobalSection
						GlobalSection(MonoDevelopProperties) = preSolution
		StartupItem = Assembly-CSharp.csproj
		Policies = $0
		$0.TextStylePolicy = $1
		$1.inheritsSet = null
		$1.scope = text/x-csharp
		$0.CSharpFormattingPolicy = $2
		$2.inheritsSet = Mono
		$2.inheritsScope = text/x-csharp
		$2.scope = text/x-csharp
		$0.TextStylePolicy = $3
		$3.FileWidth = 120
		$3.TabWidth = 4
		$3.EolMarker = Unix
		$3.inheritsSet = Mono
		$3.inheritsScope = text/plain
		$3.scope = text/plain
	EndGlobalSection

EndGlobal
